{
  "originHash" : "834b8ad7c7c2451af39c244c1201c509539ad4096ca00cbb6ed1f0ece3ce9e6a",
  "pins" : [
    {
      "identity" : "aws-sdk-ios-spm",
      "kind" : "remoteSourceControl",
      "location" : "https://github.com/aws-amplify/aws-sdk-ios-spm",
      "state" : {
        "revision" : "5a7f1036ca625cc9dcee8cdc6aff7c60f2214664",
        "version" : "2.37.2"
      }
    }
  ],
  "version" : 3
}
